
Microsoft Visual Studio Solution File, Format Version 12.00
Project("{FAE04EC0-301F-11D3-BF4B-00C04F79EFBC}") = "FamilyTree.FrontEnd", "FamilyTree.FrontEnd\FamilyTree.FrontEnd\FamilyTree.FrontEnd.csproj", "{7692D395-B144-4B9E-9CA8-E5C4902B2942}"
EndProject
Project("{FAE04EC0-301F-11D3-BF4B-00C04F79EFBC}") = "FamilyTree.FrontEnd.Client", "FamilyTree.FrontEnd\FamilyTree.FrontEnd.Client\FamilyTree.FrontEnd.Client.csproj", "{9CDF7171-2651-4A85-907C-D84CBA30EBAA}"
EndProject
Global
	GlobalSection(SolutionConfigurationPlatforms) = preSolution
		Debug|Any CPU = Debug|Any CPU
		Release|Any CPU = Release|Any CPU
	EndGlobalSection
	GlobalSection(ProjectConfigurationPlatforms) = postSolution
		{7692D395-B144-4B9E-9CA8-E5C4902B2942}.Debug|Any CPU.ActiveCfg = Debug|Any CPU
		{7692D395-B144-4B9E-9CA8-E5C4902B2942}.Debug|Any CPU.Build.0 = Debug|Any CPU
		{7692D395-B144-4B9E-9CA8-E5C4902B2942}.Release|Any CPU.ActiveCfg = Release|Any CPU
		{7692D395-B144-4B9E-9CA8-E5C4902B2942}.Release|Any CPU.Build.0 = Release|Any CPU
		{9CDF7171-2651-4A85-907C-D84CBA30EBAA}.Debug|Any CPU.ActiveCfg = Debug|Any CPU
		{9CDF7171-2651-4A85-907C-D84CBA30EBAA}.Debug|Any CPU.Build.0 = Debug|Any CPU
		{9CDF7171-2651-4A85-907C-D84CBA30EBAA}.Release|Any CPU.ActiveCfg = Release|Any CPU
		{9CDF7171-2651-4A85-907C-D84CBA30EBAA}.Release|Any CPU.Build.0 = Release|Any CPU
	EndGlobalSection
EndGlobal
